// !$*UTF8*$!
{
	archiveVersion = 1;
	classes = {
	};
	objectVersion = 46;
	objects = {

/* Begin PBXBuildFile section */
		BD0A82A31EC2425C00C6ADFC /* GLCollectionTableViewCell.swift in Sources */ = {isa = PBXBuildFile; fileRef = BD0A829F1EC2425C00C6ADFC /* GLCollectionTableViewCell.swift */; };
		BD0A82A41EC2425C00C6ADFC /* GLCollectionTableViewCell.swift in Sources */ = {isa = PBXBuildFile; fileRef = BD0A829F1EC2425C00C6ADFC /* GLCollectionTableViewCell.swift */; };
		BD0A82A51EC2425C00C6ADFC /* GLIndexedCollectionViewCell.swift in Sources */ = {isa = PBXBuildFile; fileRef = BD0A82A01EC2425C00C6ADFC /* GLIndexedCollectionViewCell.swift */; };
		BD0A82A61EC2425C00C6ADFC /* GLIndexedCollectionViewCell.swift in Sources */ = {isa = PBXBuildFile; fileRef = BD0A82A01EC2425C00C6ADFC /* GLIndexedCollectionViewCell.swift */; };
		BD0A82A81EC2425C00C6ADFC /* GLIndexedCollectionViewCell.xib in Resources */ = {isa = PBXBuildFile; fileRef = BD0A82A11EC2425C00C6ADFC /* GLIndexedCollectionViewCell.xib */; };
		BD0A82AA1EC2425C00C6ADFC /* GLTableCollectionViewController.swift in Sources */ = {isa = PBXBuildFile; fileRef = BD0A82A21EC2425C00C6ADFC /* GLTableCollectionViewController.swift */; };
		BD0A82B01EC2427400C6ADFC /* Info.plist in Resources */ = {isa = PBXBuildFile; fileRef = BD0A82AD1EC2427400C6ADFC /* Info.plist */; };
		BD0A82B21EC242A400C6ADFC /* GLTableCollectionView.h in Headers */ = {isa = PBXBuildFile; fileRef = BD0A82B11EC242A400C6ADFC /* GLTableCollectionView.h */; settings = {ATTRIBUTES = (Public, ); }; };
		BDB0E4191EC25D4000AA7D34 /* GLTableCollectionViewController.swift in Sources */ = {isa = PBXBuildFile; fileRef = BD0A82A21EC2425C00C6ADFC /* GLTableCollectionViewController.swift */; };
		BDB0E41F1EC25DE200AA7D34 /* GLTableCollectionView.framework in Frameworks */ = {isa = PBXBuildFile; fileRef = BD0A82771EC23DB300C6ADFC /* GLTableCollectionView.framework */; };
/* End PBXBuildFile section */

/* Begin PBXContainerItemProxy section */
		BD0A82821EC23DB300C6ADFC /* PBXContainerItemProxy */ = {
			isa = PBXContainerItemProxy;
			containerPortal = BD0A826E1EC23DB300C6ADFC /* Project object */;
			proxyType = 1;
			remoteGlobalIDString = BD0A82761EC23DB300C6ADFC;
			remoteInfo = GLTableCollectionView;
		};
/* End PBXContainerItemProxy section */

/* Begin PBXCopyFilesBuildPhase section */
		BD3F03C11EC3D7B8003386D0 /* CopyFiles */ = {
			isa = PBXCopyFilesBuildPhase;
			buildActionMask = 2147483647;
			dstPath = "";
			dstSubfolderSpec = 7;
			files = (
			);
			runOnlyForDeploymentPostprocessing = 0;
		};
/* End PBXCopyFilesBuildPhase section */

/* Begin PBXFileReference section */
		BD0A82771EC23DB300C6ADFC /* GLTableCollectionView.framework */ = {isa = PBXFileReference; explicitFileType = wrapper.framework; includeInIndex = 0; path = GLTableCollectionView.framework; sourceTree = BUILT_PRODUCTS_DIR; };
		BD0A82801EC23DB300C6ADFC /* GLTableCollectionViewTests.xctest */ = {isa = PBXFileReference; explicitFileType = wrapper.cfbundle; includeInIndex = 0; path = GLTableCollectionViewTests.xctest; sourceTree = BUILT_PRODUCTS_DIR; };
		BD0A82851EC23DB300C6ADFC /* GLTableCollectionViewTests.swift */ = {isa = PBXFileReference; lastKnownFileType = sourcecode.swift; path = GLTableCollectionViewTests.swift; sourceTree = "<group>"; };
		BD0A82871EC23DB300C6ADFC /* Info.plist */ = {isa = PBXFileReference; lastKnownFileType = text.plist.xml; path = Info.plist; sourceTree = "<group>"; };
		BD0A829F1EC2425C00C6ADFC /* GLCollectionTableViewCell.swift */ = {isa = PBXFileReference; fileEncoding = 4; lastKnownFileType = sourcecode.swift; name = GLCollectionTableViewCell.swift; path = Sources/GLCollectionTableViewCell.swift; sourceTree = "<group>"; };
		BD0A82A01EC2425C00C6ADFC /* GLIndexedCollectionViewCell.swift */ = {isa = PBXFileReference; fileEncoding = 4; lastKnownFileType = sourcecode.swift; name = GLIndexedCollectionViewCell.swift; path = Sources/GLIndexedCollectionViewCell.swift; sourceTree = "<group>"; };
		BD0A82A11EC2425C00C6ADFC /* GLIndexedCollectionViewCell.xib */ = {isa = PBXFileReference; fileEncoding = 4; lastKnownFileType = file.xib; name = GLIndexedCollectionViewCell.xib; path = Sources/GLIndexedCollectionViewCell.xib; sourceTree = "<group>"; };
		BD0A82A21EC2425C00C6ADFC /* GLTableCollectionViewController.swift */ = {isa = PBXFileReference; fileEncoding = 4; lastKnownFileType = sourcecode.swift; name = GLTableCollectionViewController.swift; path = Sources/GLTableCollectionViewController.swift; sourceTree = "<group>"; };
		BD0A82AD1EC2427400C6ADFC /* Info.plist */ = {isa = PBXFileReference; fileEncoding = 4; lastKnownFileType = text.plist.xml; name = Info.plist; path = SupportingFiles/Info.plist; sourceTree = "<group>"; };
		BD0A82B11EC242A400C6ADFC /* GLTableCollectionView.h */ = {isa = PBXFileReference; fileEncoding = 4; lastKnownFileType = sourcecode.c.h; name = GLTableCollectionView.h; path = SupportingFiles/GLTableCollectionView.h; sourceTree = "<group>"; };
/* End PBXFileReference section */

/* Begin PBXFrameworksBuildPhase section */
		BD0A82731EC23DB300C6ADFC /* Frameworks */ = {
			isa = PBXFrameworksBuildPhase;
			buildActionMask = 2147483647;
			files = (
			);
			runOnlyForDeploymentPostprocessing = 0;
		};
		BD0A827D1EC23DB300C6ADFC /* Frameworks */ = {
			isa = PBXFrameworksBuildPhase;
			buildActionMask = 2147483647;
			files = (
				BDB0E41F1EC25DE200AA7D34 /* GLTableCollectionView.framework in Frameworks */,
			);
			runOnlyForDeploymentPostprocessing = 0;
		};
/* End PBXFrameworksBuildPhase section */

/* Begin PBXGroup section */
		BD0A826D1EC23DB300C6ADFC = {
			isa = PBXGroup;
			children = (
				BD0A82AB1EC2426700C6ADFC /* SupportingFiles */,
				BD0A829E1EC2424400C6ADFC /* Sources */,
				BD0A82841EC23DB300C6ADFC /* GLTableCollectionViewTests */,
				BD0A82781EC23DB300C6ADFC /* Products */,
			);
			sourceTree = "<group>";
		};
		BD0A82781EC23DB300C6ADFC /* Products */ = {
			isa = PBXGroup;
			children = (
				BD0A82771EC23DB300C6ADFC /* GLTableCollectionView.framework */,
				BD0A82801EC23DB300C6ADFC /* GLTableCollectionViewTests.xctest */,
			);
			name = Products;
			sourceTree = "<group>";
		};
		BD0A82841EC23DB300C6ADFC /* GLTableCollectionViewTests */ = {
			isa = PBXGroup;
			children = (
				BD0A82851EC23DB300C6ADFC /* GLTableCollectionViewTests.swift */,
				BD0A82871EC23DB300C6ADFC /* Info.plist */,
			);
			path = GLTableCollectionViewTests;
			sourceTree = "<group>";
		};
		BD0A829E1EC2424400C6ADFC /* Sources */ = {
			isa = PBXGroup;
			children = (
				BD0A829F1EC2425C00C6ADFC /* GLCollectionTableViewCell.swift */,
				BD0A82A01EC2425C00C6ADFC /* GLIndexedCollectionViewCell.swift */,
				BD0A82A11EC2425C00C6ADFC /* GLIndexedCollectionViewCell.xib */,
				BD0A82A21EC2425C00C6ADFC /* GLTableCollectionViewController.swift */,
			);
			name = Sources;
			sourceTree = "<group>";
		};
		BD0A82AB1EC2426700C6ADFC /* SupportingFiles */ = {
			isa = PBXGroup;
			children = (
				BD0A82B11EC242A400C6ADFC /* GLTableCollectionView.h */,
				BD0A82AD1EC2427400C6ADFC /* Info.plist */,
			);
			name = SupportingFiles;
			sourceTree = "<group>";
		};
/* End PBXGroup section */

/* Begin PBXHeadersBuildPhase section */
		BD0A82741EC23DB300C6ADFC /* Headers */ = {
			isa = PBXHeadersBuildPhase;
			buildActionMask = 2147483647;
			files = (
				BD0A82B21EC242A400C6ADFC /* GLTableCollectionView.h in Headers */,
			);
			runOnlyForDeploymentPostprocessing = 0;
		};
/* End PBXHeadersBuildPhase section */

/* Begin PBXNativeTarget section */
		BD0A82761EC23DB300C6ADFC /* GLTableCollectionView */ = {
			isa = PBXNativeTarget;
			buildConfigurationList = BD0A828B1EC23DB300C6ADFC /* Build configuration list for PBXNativeTarget "GLTableCollectionView" */;
			buildPhases = (
				BD0A82721EC23DB300C6ADFC /* Sources */,
				BD0A82731EC23DB300C6ADFC /* Frameworks */,
				BD0A82741EC23DB300C6ADFC /* Headers */,
				BD3F03C11EC3D7B8003386D0 /* CopyFiles */,
			);
			buildRules = (
			);
			dependencies = (
			);
			name = GLTableCollectionView;
			productName = GLTableCollectionView;
			productReference = BD0A82771EC23DB300C6ADFC /* GLTableCollectionView.framework */;
			productType = "com.apple.product-type.framework";
		};
		BD0A827F1EC23DB300C6ADFC /* GLTableCollectionViewTests */ = {
			isa = PBXNativeTarget;
			buildConfigurationList = BD0A828E1EC23DB300C6ADFC /* Build configuration list for PBXNativeTarget "GLTableCollectionViewTests" */;
			buildPhases = (
				BD0A827C1EC23DB300C6ADFC /* Sources */,
				BD0A827D1EC23DB300C6ADFC /* Frameworks */,
				BD0A827E1EC23DB300C6ADFC /* Resources */,
			);
			buildRules = (
			);
			dependencies = (
				BD0A82831EC23DB300C6ADFC /* PBXTargetDependency */,
			);
			name = GLTableCollectionViewTests;
			productName = GLTableCollectionViewTests;
			productReference = BD0A82801EC23DB300C6ADFC /* GLTableCollectionViewTests.xctest */;
			productType = "com.apple.product-type.bundle.unit-test";
		};
/* End PBXNativeTarget section */

/* Begin PBXProject section */
		BD0A826E1EC23DB300C6ADFC /* Project object */ = {
			isa = PBXProject;
			attributes = {
				LastSwiftUpdateCheck = 0830;
				LastUpgradeCheck = 0830;
				ORGANIZATIONNAME = giuliolombardo;
				TargetAttributes = {
					BD0A82761EC23DB300C6ADFC = {
						CreatedOnToolsVersion = 8.3.2;
						LastSwiftMigration = 0830;
						ProvisioningStyle = Automatic;
					};
					BD0A827F1EC23DB300C6ADFC = {
						CreatedOnToolsVersion = 8.3.2;
						ProvisioningStyle = Automatic;
					};
				};
			};
			buildConfigurationList = BD0A82711EC23DB300C6ADFC /* Build configuration list for PBXProject "GLTableCollectionView" */;
			compatibilityVersion = "Xcode 3.2";
			developmentRegion = English;
			hasScannedForEncodings = 0;
			knownRegions = (
				en,
			);
			mainGroup = BD0A826D1EC23DB300C6ADFC;
			productRefGroup = BD0A82781EC23DB300C6ADFC /* Products */;
			projectDirPath = "";
			projectRoot = "";
			targets = (
				BD0A82761EC23DB300C6ADFC /* GLTableCollectionView */,
				BD0A827F1EC23DB300C6ADFC /* GLTableCollectionViewTests */,
			);
		};
/* End PBXProject section */

/* Begin PBXResourcesBuildPhase section */
		BD0A827E1EC23DB300C6ADFC /* Resources */ = {
			isa = PBXResourcesBuildPhase;
			buildActionMask = 2147483647;
			files = (
				BD0A82B01EC2427400C6ADFC /* Info.plist in Resources */,
				BD0A82A81EC2425C00C6ADFC /* GLIndexedCollectionViewCell.xib in Resources */,
			);
			runOnlyForDeploymentPostprocessing = 0;
		};
/* End PBXResourcesBuildPhase section */

/* Begin PBXSourcesBuildPhase section */
		BD0A82721EC23DB300C6ADFC /* Sources */ = {
			isa = PBXSourcesBuildPhase;
			buildActionMask = 2147483647;
			files = (
				BD0A82A31EC2425C00C6ADFC /* GLCollectionTableViewCell.swift in Sources */,
				BD0A82A51EC2425C00C6ADFC /* GLIndexedCollectionViewCell.swift in Sources */,
				BDB0E4191EC25D4000AA7D34 /* GLTableCollectionViewController.swift in Sources */,
			);
			runOnlyForDeploymentPostprocessing = 0;
		};
		BD0A827C1EC23DB300C6ADFC /* Sources */ = {
			isa = PBXSourcesBuildPhase;
			buildActionMask = 2147483647;
			files = (
				BD0A82A41EC2425C00C6ADFC /* GLCollectionTableViewCell.swift in Sources */,
				BD0A82AA1EC2425C00C6ADFC /* GLTableCollectionViewController.swift in Sources */,
				BD0A82A61EC2425C00C6ADFC /* GLIndexedCollectionViewCell.swift in Sources */,
			);
			runOnlyForDeploymentPostprocessing = 0;
		};
/* End PBXSourcesBuildPhase section */

/* Begin PBXTargetDependency section */
		BD0A82831EC23DB300C6ADFC /* PBXTargetDependency */ = {
			isa = PBXTargetDependency;
			target = BD0A82761EC23DB300C6ADFC /* GLTableCollectionView */;
			targetProxy = BD0A82821EC23DB300C6ADFC /* PBXContainerItemProxy */;
		};
/* End PBXTargetDependency section */

/* Begin XCBuildConfiguration section */
		BD0A82891EC23DB300C6ADFC /* Debug */ = {
			isa = XCBuildConfiguration;
			buildSettings = {
				ALWAYS_SEARCH_USER_PATHS = NO;
				CLANG_ANALYZER_NONNULL = YES;
				CLANG_ANALYZER_NUMBER_OBJECT_CONVERSION = YES_AGGRESSIVE;
				CLANG_CXX_LANGUAGE_STANDARD = "gnu++0x";
				CLANG_CXX_LIBRARY = "libc++";
				CLANG_ENABLE_MODULES = YES;
				CLANG_ENABLE_OBJC_ARC = YES;
				CLANG_WARN_BOOL_CONVERSION = YES;
				CLANG_WARN_CONSTANT_CONVERSION = YES;
				CLANG_WARN_DIRECT_OBJC_ISA_USAGE = YES_ERROR;
				CLANG_WARN_DOCUMENTATION_COMMENTS = YES;
				CLANG_WARN_EMPTY_BODY = YES;
				CLANG_WARN_ENUM_CONVERSION = YES;
				CLANG_WARN_INFINITE_RECURSION = YES;
				CLANG_WARN_INT_CONVERSION = YES;
				CLANG_WARN_OBJC_ROOT_CLASS = YES_ERROR;
				CLANG_WARN_SUSPICIOUS_MOVE = YES;
				CLANG_WARN_UNREACHABLE_CODE = YES;
				CLANG_WARN__DUPLICATE_METHOD_MATCH = YES;
				"CODE_SIGN_IDENTITY[sdk=iphoneos*]" = "iPhone Developer";
				COPY_PHASE_STRIP = NO;
				CURRENT_PROJECT_VERSION = 1;
				DEBUG_INFORMATION_FORMAT = dwarf;
				ENABLE_STRICT_OBJC_MSGSEND = YES;
				ENABLE_TESTABILITY = YES;
				GCC_C_LANGUAGE_STANDARD = gnu99;
				GCC_DYNAMIC_NO_PIC = NO;
				GCC_NO_COMMON_BLOCKS = YES;
				GCC_OPTIMIZATION_LEVEL = 0;
				GCC_PREPROCESSOR_DEFINITIONS = (
					"DEBUG=1",
					"$(inherited)",
				);
				GCC_WARN_64_TO_32_BIT_CONVERSION = YES;
				GCC_WARN_ABOUT_RETURN_TYPE = YES_ERROR;
				GCC_WARN_UNDECLARED_SELECTOR = YES;
				GCC_WARN_UNINITIALIZED_AUTOS = YES_AGGRESSIVE;
				GCC_WARN_UNUSED_FUNCTION = YES;
				GCC_WARN_UNUSED_VARIABLE = YES;
				"INFOPLIST_FILE[sdk=*]" = "";
				IPHONEOS_DEPLOYMENT_TARGET = 8.4;
				MTL_ENABLE_DEBUG_INFO = YES;
				ONLY_ACTIVE_ARCH = YES;
				SDKROOT = iphoneos;
				SWIFT_ACTIVE_COMPILATION_CONDITIONS = DEBUG;
				SWIFT_OPTIMIZATION_LEVEL = "-Onone";
				TARGETED_DEVICE_FAMILY = "1,2";
				VERSIONING_SYSTEM = "apple-generic";
				VERSION_INFO_PREFIX = "";
			};
			name = Debug;
		};
		BD0A828A1EC23DB300C6ADFC /* Release */ = {
			isa = XCBuildConfiguration;
			buildSettings = {
				ALWAYS_SEARCH_USER_PATHS = NO;
				CLANG_ANALYZER_NONNULL = YES;
				CLANG_ANALYZER_NUMBER_OBJECT_CONVERSION = YES_AGGRESSIVE;
				CLANG_CXX_LANGUAGE_STANDARD = "gnu++0x";
				CLANG_CXX_LIBRARY = "libc++";
				CLANG_ENABLE_MODULES = YES;
				CLANG_ENABLE_OBJC_ARC = YES;
				CLANG_WARN_BOOL_CONVERSION = YES;
				CLANG_WARN_CONSTANT_CONVERSION = YES;
				CLANG_WARN_DIRECT_OBJC_ISA_USAGE = YES_ERROR;
				CLANG_WARN_DOCUMENTATION_COMMENTS = YES;
				CLANG_WARN_EMPTY_BODY = YES;
				CLANG_WARN_ENUM_CONVERSION = YES;
				CLANG_WARN_INFINITE_RECURSION = YES;
				CLANG_WARN_INT_CONVERSION = YES;
				CLANG_WARN_OBJC_ROOT_CLASS = YES_ERROR;
				CLANG_WARN_SUSPICIOUS_MOVE = YES;
				CLANG_WARN_UNREACHABLE_CODE = YES;
				CLANG_WARN__DUPLICATE_METHOD_MATCH = YES;
				"CODE_SIGN_IDENTITY[sdk=iphoneos*]" = "iPhone Developer";
				COPY_PHASE_STRIP = NO;
				CURRENT_PROJECT_VERSION = 1;
				DEBUG_INFORMATION_FORMAT = "dwarf-with-dsym";
				ENABLE_NS_ASSERTIONS = NO;
				ENABLE_STRICT_OBJC_MSGSEND = YES;
				GCC_C_LANGUAGE_STANDARD = gnu99;
				GCC_NO_COMMON_BLOCKS = YES;
				GCC_WARN_64_TO_32_BIT_CONVERSION = YES;
				GCC_WARN_ABOUT_RETURN_TYPE = YES_ERROR;
				GCC_WARN_UNDECLARED_SELECTOR = YES;
				GCC_WARN_UNINITIALIZED_AUTOS = YES_AGGRESSIVE;
				GCC_WARN_UNUSED_FUNCTION = YES;
				GCC_WARN_UNUSED_VARIABLE = YES;
				IPHONEOS_DEPLOYMENT_TARGET = 8.4;
				MTL_ENABLE_DEBUG_INFO = NO;
				SDKROOT = iphoneos;
				SWIFT_OPTIMIZATION_LEVEL = "-Owholemodule";
				TARGETED_DEVICE_FAMILY = "1,2";
				VALIDATE_PRODUCT = YES;
				VERSIONING_SYSTEM = "apple-generic";
				VERSION_INFO_PREFIX = "";
			};
			name = Release;
		};
		BD0A828C1EC23DB300C6ADFC /* Debug */ = {
			isa = XCBuildConfiguration;
			buildSettings = {
				CLANG_ENABLE_MODULES = YES;
				CODE_SIGN_IDENTITY = "";
				DEFINES_MODULE = YES;
				DYLIB_COMPATIBILITY_VERSION = 1;
				DYLIB_CURRENT_VERSION = 1;
				DYLIB_INSTALL_NAME_BASE = "@rpath";
				INFOPLIST_FILE = SupportingFiles/Info.plist;
				INSTALL_PATH = "$(LOCAL_LIBRARY_DIR)/Frameworks";
				IPHONEOS_DEPLOYMENT_TARGET = 8.4;
				LD_RUNPATH_SEARCH_PATHS = "$(inherited) @executable_path/Frameworks @loader_path/Frameworks";
				PRODUCT_BUNDLE_IDENTIFIER = com.giuliolombardo.GLTableCollectionView;
				PRODUCT_NAME = "$(TARGET_NAME)";
				SKIP_INSTALL = YES;
				SWIFT_OPTIMIZATION_LEVEL = "-Onone";
				SWIFT_VERSION = 3.0;
			};
			name = Debug;
		};
		BD0A828D1EC23DB300C6ADFC /* Release */ = {
			isa = XCBuildConfiguration;
			buildSettings = {
				CLANG_ENABLE_MODULES = YES;
				CODE_SIGN_IDENTITY = "";
				DEFINES_MODULE = YES;
				DYLIB_COMPATIBILITY_VERSION = 1;
				DYLIB_CURRENT_VERSION = 1;
				DYLIB_INSTALL_NAME_BASE = "@rpath";
				INFOPLIST_FILE = SupportingFiles/Info.plist;
				INSTALL_PATH = "$(LOCAL_LIBRARY_DIR)/Frameworks";
				IPHONEOS_DEPLOYMENT_TARGET = 8.4;
				LD_RUNPATH_SEARCH_PATHS = "$(inherited) @executable_path/Frameworks @loader_path/Frameworks";
				PRODUCT_BUNDLE_IDENTIFIER = com.giuliolombardo.GLTableCollectionView;
				PRODUCT_NAME = "$(TARGET_NAME)";
				SKIP_INSTALL = YES;
				SWIFT_VERSION = 3.0;
			};
			name = Release;
		};
		BD0A828F1EC23DB300C6ADFC /* Debug */ = {
			isa = XCBuildConfiguration;
			buildSettings = {
				ALWAYS_EMBED_SWIFT_STANDARD_LIBRARIES = YES;
				INFOPLIST_FILE = GLTableCollectionViewTests/Info.plist;
				LD_RUNPATH_SEARCH_PATHS = "$(inherited) @executable_path/Frameworks @loader_path/Frameworks";
				PRODUCT_BUNDLE_IDENTIFIER = com.giuliolombardo.GLTableCollectionViewTests;
				PRODUCT_NAME = "$(TARGET_NAME)";
				SWIFT_VERSION = 3.0;
			};
			name = Debug;
		};
		BD0A82901EC23DB300C6ADFC /* Release */ = {
			isa = XCBuildConfiguration;
			buildSettings = {
				ALWAYS_EMBED_SWIFT_STANDARD_LIBRARIES = YES;
				INFOPLIST_FILE = GLTableCollectionViewTests/Info.plist;
				LD_RUNPATH_SEARCH_PATHS = "$(inherited) @executable_path/Frameworks @loader_path/Frameworks";
				PRODUCT_BUNDLE_IDENTIFIER = com.giuliolombardo.GLTableCollectionViewTests;
				PRODUCT_NAME = "$(TARGET_NAME)";
				SWIFT_VERSION = 3.0;
			};
			name = Release;
		};
/* End XCBuildConfiguration section */

/* Begin XCConfigurationList section */
		BD0A82711EC23DB300C6ADFC /* Build configuration list for PBXProject "GLTableCollectionView" */ = {
			isa = XCConfigurationList;
			buildConfigurations = (
				BD0A82891EC23DB300C6ADFC /* Debug */,
				BD0A828A1EC23DB300C6ADFC /* Release */,
			);
			defaultConfigurationIsVisible = 0;
			defaultConfigurationName = Release;
		};
		BD0A828B1EC23DB300C6ADFC /* Build configuration list for PBXNativeTarget "GLTableCollectionView" */ = {
			isa = XCConfigurationList;
			buildConfigurations = (
				BD0A828C1EC23DB300C6ADFC /* Debug */,
				BD0A828D1EC23DB300C6ADFC /* Release */,
			);
			defaultConfigurationIsVisible = 0;
			defaultConfigurationName = Release;
		};
		BD0A828E1EC23DB300C6ADFC /* Build configuration list for PBXNativeTarget "GLTableCollectionViewTests" */ = {
			isa = XCConfigurationList;
			buildConfigurations = (
				BD0A828F1EC23DB300C6ADFC /* Debug */,
				BD0A82901EC23DB300C6ADFC /* Release */,
			);
			defaultConfigurationIsVisible = 0;
			defaultConfigurationName = Release;
		};
/* End XCConfigurationList section */
	};
	rootObject = BD0A826E1EC23DB300C6ADFC /* Project object */;
}
